// !$*UTF8*$!
{
	archiveVersion = 1;
	classes = {
	};
	objectVersion = 46;
	objects = {

/* Begin PBXBuildFile section */
		136E396520307198007F75FE /* main.m in Sources */ = {isa = PBXBuildFile; fileRef = 136E396420307198007F75FE /* main.m */; };
		136E396820307198007F75FE /* AppDelegate.m in Sources */ = {isa = PBXBuildFile; fileRef = 136E396720307198007F75FE /* AppDelegate.m */; };
		136E396B20307198007F75FE /* ViewController.m in Sources */ = {isa = PBXBuildFile; fileRef = 136E396A20307198007F75FE /* ViewController.m */; };
		136E396E20307198007F75FE /* Main.storyboard in Resources */ = {isa = PBXBuildFile; fileRef = 136E396C20307198007F75FE /* Main.storyboard */; };
		136E397020307198007F75FE /* Assets.xcassets in Resources */ = {isa = PBXBuildFile; fileRef = 136E396F20307198007F75FE /* Assets.xcassets */; };
		136E397320307198007F75FE /* LaunchScreen.storyboard in Resources */ = {isa = PBXBuildFile; fileRef = 136E397120307198007F75FE /* LaunchScreen.storyboard */; };
		136E397C203074FE007F75FE /* TvcTableViewCell.m in Sources */ = {isa = PBXBuildFile; fileRef = 136E397B203074FE007F75FE /* TvcTableViewCell.m */; };
		136E397F2030756D007F75FE /* TvcView.m in Sources */ = {isa = PBXBuildFile; fileRef = 136E397E2030756D007F75FE /* TvcView.m */; };
/* End PBXBuildFile section */

/* Begin PBXFileReference section */
		136E396020307198007F75FE /* tvc.app */ = {isa = PBXFileReference; explicitFileType = wrapper.application; includeInIndex = 0; path = tvc.app; sourceTree = BUILT_PRODUCTS_DIR; };
		136E396420307198007F75FE /* main.m */ = {isa = PBXFileReference; lastKnownFileType = sourcecode.c.objc; path = main.m; sourceTree = "<group>"; };
		136E396620307198007F75FE /* AppDelegate.h */ = {isa = PBXFileReference; lastKnownFileType = sourcecode.c.h; path = AppDelegate.h; sourceTree = "<group>"; };
		136E396720307198007F75FE /* AppDelegate.m */ = {isa = PBXFileReference; lastKnownFileType = sourcecode.c.objc; path = AppDelegate.m; sourceTree = "<group>"; };
		136E396920307198007F75FE /* ViewController.h */ = {isa = PBXFileReference; lastKnownFileType = sourcecode.c.h; path = ViewController.h; sourceTree = "<group>"; };
		136E396A20307198007F75FE /* ViewController.m */ = {isa = PBXFileReference; lastKnownFileType = sourcecode.c.objc; path = ViewController.m; sourceTree = "<group>"; };
		136E396D20307198007F75FE /* Base */ = {isa = PBXFileReference; lastKnownFileType = file.storyboard; name = Base; path = Base.lproj/Main.storyboard; sourceTree = "<group>"; };
		136E396F20307198007F75FE /* Assets.xcassets */ = {isa = PBXFileReference; lastKnownFileType = folder.assetcatalog; path = Assets.xcassets; sourceTree = "<group>"; };
		136E397220307198007F75FE /* Base */ = {isa = PBXFileReference; lastKnownFileType = file.storyboard; name = Base; path = Base.lproj/LaunchScreen.storyboard; sourceTree = "<group>"; };
		136E397420307198007F75FE /* Info.plist */ = {isa = PBXFileReference; lastKnownFileType = text.plist.xml; path = Info.plist; sourceTree = "<group>"; };
		136E397A203074FE007F75FE /* TvcTableViewCell.h */ = {isa = PBXFileReference; fileEncoding = 4; lastKnownFileType = sourcecode.c.h; name = TvcTableViewCell.h; path = ../TvcTableViewCell.h; sourceTree = "<group>"; };
		136E397B203074FE007F75FE /* TvcTableViewCell.m */ = {isa = PBXFileReference; fileEncoding = 4; lastKnownFileType = sourcecode.c.objc; name = TvcTableViewCell.m; path = ../TvcTableViewCell.m; sourceTree = "<group>"; };
		136E397D2030756D007F75FE /* TvcView.h */ = {isa = PBXFileReference; fileEncoding = 4; lastKnownFileType = sourcecode.c.h; path = TvcView.h; sourceTree = "<group>"; };
		136E397E2030756D007F75FE /* TvcView.m */ = {isa = PBXFileReference; fileEncoding = 4; lastKnownFileType = sourcecode.c.objc; path = TvcView.m; sourceTree = "<group>"; };
/* End PBXFileReference section */

/* Begin PBXFrameworksBuildPhase section */
		136E395D20307198007F75FE /* Frameworks */ = {
			isa = PBXFrameworksBuildPhase;
			buildActionMask = 2147483647;
			files = (
			);
			runOnlyForDeploymentPostprocessing = 0;
		};
/* End PBXFrameworksBuildPhase section */

/* Begin PBXGroup section */
		136E395720307198007F75FE = {
			isa = PBXGroup;
			children = (
				136E396220307198007F75FE /* tvc */,
				136E396120307198007F75FE /* Products */,
			);
			sourceTree = "<group>";
		};
		136E396120307198007F75FE /* Products */ = {
			isa = PBXGroup;
			children = (
				136E396020307198007F75FE /* tvc.app */,
			);
			name = Products;
			sourceTree = "<group>";
		};
		136E396220307198007F75FE /* tvc */ = {
			isa = PBXGroup;
			children = (
				136E396620307198007F75FE /* AppDelegate.h */,
				136E396720307198007F75FE /* AppDelegate.m */,
				136E396920307198007F75FE /* ViewController.h */,
				136E396A20307198007F75FE /* ViewController.m */,
				136E397D2030756D007F75FE /* TvcView.h */,
				136E397E2030756D007F75FE /* TvcView.m */,
				136E397A203074FE007F75FE /* TvcTableViewCell.h */,
				136E397B203074FE007F75FE /* TvcTableViewCell.m */,
				136E396C20307198007F75FE /* Main.storyboard */,
				136E396F20307198007F75FE /* Assets.xcassets */,
				136E397120307198007F75FE /* LaunchScreen.storyboard */,
				136E397420307198007F75FE /* Info.plist */,
				136E396320307198007F75FE /* Supporting Files */,
			);
			path = tvc;
			sourceTree = "<group>";
		};
		136E396320307198007F75FE /* Supporting Files */ = {
			isa = PBXGroup;
			children = (
				136E396420307198007F75FE /* main.m */,
			);
			name = "Supporting Files";
			sourceTree = "<group>";
		};
/* End PBXGroup section */

/* Begin PBXNativeTarget section */
		136E395F20307198007F75FE /* tvc */ = {
			isa = PBXNativeTarget;
			buildConfigurationList = 136E397720307198007F75FE /* Build configuration list for PBXNativeTarget "tvc" */;
			buildPhases = (
				136E395C20307198007F75FE /* Sources */,
				136E395D20307198007F75FE /* Frameworks */,
				136E395E20307198007F75FE /* Resources */,
			);
			buildRules = (
			);
			dependencies = (
			);
			name = tvc;
			productName = tvc;
			productReference = 136E396020307198007F75FE /* tvc.app */;
			productType = "com.apple.product-type.application";
		};
/* End PBXNativeTarget section */

/* Begin PBXProject section */
		136E395820307198007F75FE /* Project object */ = {
			isa = PBXProject;
			attributes = {
				LastUpgradeCheck = 0820;
				ORGANIZATIONNAME = "Diwakar Pandey";
				TargetAttributes = {
					136E395F20307198007F75FE = {
						CreatedOnToolsVersion = 8.2.1;
						DevelopmentTeam = 3C6LBXZFQZ;
						ProvisioningStyle = Automatic;
					};
				};
			};
			buildConfigurationList = 136E395B20307198007F75FE /* Build configuration list for PBXProject "tvc" */;
			compatibilityVersion = "Xcode 3.2";
			developmentRegion = English;
			hasScannedForEncodings = 0;
			knownRegions = (
				en,
				Base,
			);
			mainGroup = 136E395720307198007F75FE;
			productRefGroup = 136E396120307198007F75FE /* Products */;
			projectDirPath = "";
			projectRoot = "";
			targets = (
				136E395F20307198007F75FE /* tvc */,
			);
		};
/* End PBXProject section */

/* Begin PBXResourcesBuildPhase section */
		136E395E20307198007F75FE /* Resources */ = {
			isa = PBXResourcesBuildPhase;
			buildActionMask = 2147483647;
			files = (
				136E397320307198007F75FE /* LaunchScreen.storyboard in Resources */,
				136E397020307198007F75FE /* Assets.xcassets in Resources */,
				136E396E20307198007F75FE /* Main.storyboard in Resources */,
			);
			runOnlyForDeploymentPostprocessing = 0;
		};
/* End PBXResourcesBuildPhase section */

/* Begin PBXSourcesBuildPhase section */
		136E395C20307198007F75FE /* Sources */ = {
			isa = PBXSourcesBuildPhase;
			buildActionMask = 2147483647;
			files = (
				136E396B20307198007F75FE /* ViewController.m in Sources */,
				136E397F2030756D007F75FE /* TvcView.m in Sources */,
				136E397C203074FE007F75FE /* TvcTableViewCell.m in Sources */,
				136E396820307198007F75FE /* AppDelegate.m in Sources */,
				136E396520307198007F75FE /* main.m in Sources */,
			);
			runOnlyForDeploymentPostprocessing = 0;
		};
/* End PBXSourcesBuildPhase section */

/* Begin PBXVariantGroup section */
		136E396C20307198007F75FE /* Main.storyboard */ = {
			isa = PBXVariantGroup;
			children = (
				136E396D20307198007F75FE /* Base */,
			);
			name = Main.storyboard;
			sourceTree = "<group>";
		};
		136E397120307198007F75FE /* LaunchScreen.storyboard */ = {
			isa = PBXVariantGroup;
			children = (
				136E397220307198007F75FE /* Base */,
			);
			name = LaunchScreen.storyboard;
			sourceTree = "<group>";
		};
/* End PBXVariantGroup section */

/* Begin XCBuildConfiguration section */
		136E397520307198007F75FE /* Debug */ = {
			isa = XCBuildConfiguration;
			buildSettings = {
				ALWAYS_SEARCH_USER_PATHS = NO;
				CLANG_ANALYZER_NONNULL = YES;
				CLANG_CXX_LANGUAGE_STANDARD = "gnu++0x";
				CLANG_CXX_LIBRARY = "libc++";
				CLANG_ENABLE_MODULES = YES;
				CLANG_ENABLE_OBJC_ARC = YES;
				CLANG_WARN_BOOL_CONVERSION = YES;
				CLANG_WARN_CONSTANT_CONVERSION = YES;
				CLANG_WARN_DIRECT_OBJC_ISA_USAGE = YES_ERROR;
				CLANG_WARN_DOCUMENTATION_COMMENTS = YES;
				CLANG_WARN_EMPTY_BODY = YES;
				CLANG_WARN_ENUM_CONVERSION = YES;
				CLANG_WARN_INFINITE_RECURSION = YES;
				CLANG_WARN_INT_CONVERSION = YES;
				CLANG_WARN_OBJC_ROOT_CLASS = YES_ERROR;
				CLANG_WARN_SUSPICIOUS_MOVE = YES;
				CLANG_WARN_UNREACHABLE_CODE = YES;
				CLANG_WARN__DUPLICATE_METHOD_MATCH = YES;
				"CODE_SIGN_IDENTITY[sdk=iphoneos*]" = "iPhone Developer";
				COPY_PHASE_STRIP = NO;
				DEBUG_INFORMATION_FORMAT = dwarf;
				ENABLE_STRICT_OBJC_MSGSEND = YES;
				ENABLE_TESTABILITY = YES;
				GCC_C_LANGUAGE_STANDARD = gnu99;
				GCC_DYNAMIC_NO_PIC = NO;
				GCC_NO_COMMON_BLOCKS = YES;
				GCC_OPTIMIZATION_LEVEL = 0;
				GCC_PREPROCESSOR_DEFINITIONS = (
					"DEBUG=1",
					"$(inherited)",
				);
				GCC_WARN_64_TO_32_BIT_CONVERSION = YES;
				GCC_WARN_ABOUT_RETURN_TYPE = YES_ERROR;
				GCC_WARN_UNDECLARED_SELECTOR = YES;
				GCC_WARN_UNINITIALIZED_AUTOS = YES_AGGRESSIVE;
				GCC_WARN_UNUSED_FUNCTION = YES;
				GCC_WARN_UNUSED_VARIABLE = YES;
				IPHONEOS_DEPLOYMENT_TARGET = 10.2;
				MTL_ENABLE_DEBUG_INFO = YES;
				ONLY_ACTIVE_ARCH = YES;
				SDKROOT = iphoneos;
				TARGETED_DEVICE_FAMILY = "1,2";
			};
			name = Debug;
		};
		136E397620307198007F75FE /* Release */ = {
			isa = XCBuildConfiguration;
			buildSettings = {
				ALWAYS_SEARCH_USER_PATHS = NO;
				CLANG_ANALYZER_NONNULL = YES;
				CLANG_CXX_LANGUAGE_STANDARD = "gnu++0x";
				CLANG_CXX_LIBRARY = "libc++";
				CLANG_ENABLE_MODULES = YES;
				CLANG_ENABLE_OBJC_ARC = YES;
				CLANG_WARN_BOOL_CONVERSION = YES;
				CLANG_WARN_CONSTANT_CONVERSION = YES;
				CLANG_WARN_DIRECT_OBJC_ISA_USAGE = YES_ERROR;
				CLANG_WARN_DOCUMENTATION_COMMENTS = YES;
				CLANG_WARN_EMPTY_BODY = YES;
				CLANG_WARN_ENUM_CONVERSION = YES;
				CLANG_WARN_INFINITE_RECURSION = YES;
				CLANG_WARN_INT_CONVERSION = YES;
				CLANG_WARN_OBJC_ROOT_CLASS = YES_ERROR;
				CLANG_WARN_SUSPICIOUS_MOVE = YES;
				CLANG_WARN_UNREACHABLE_CODE = YES;
				CLANG_WARN__DUPLICATE_METHOD_MATCH = YES;
				"CODE_SIGN_IDENTITY[sdk=iphoneos*]" = "iPhone Developer";
				COPY_PHASE_STRIP = NO;
				DEBUG_INFORMATION_FORMAT = "dwarf-with-dsym";
				ENABLE_NS_ASSERTIONS = NO;
				ENABLE_STRICT_OBJC_MSGSEND = YES;
				GCC_C_LANGUAGE_STANDARD = gnu99;
				GCC_NO_COMMON_BLOCKS = YES;
				GCC_WARN_64_TO_32_BIT_CONVERSION = YES;
				GCC_WARN_ABOUT_RETURN_TYPE = YES_ERROR;
				GCC_WARN_UNDECLARED_SELECTOR = YES;
				GCC_WARN_UNINITIALIZED_AUTOS = YES_AGGRESSIVE;
				GCC_WARN_UNUSED_FUNCTION = YES;
				GCC_WARN_UNUSED_VARIABLE = YES;
				IPHONEOS_DEPLOYMENT_TARGET = 10.2;
				MTL_ENABLE_DEBUG_INFO = NO;
				SDKROOT = iphoneos;
				TARGETED_DEVICE_FAMILY = "1,2";
				VALIDATE_PRODUCT = YES;
			};
			name = Release;
		};
		136E397820307198007F75FE /* Debug */ = {
			isa = XCBuildConfiguration;
			buildSettings = {
				ASSETCATALOG_COMPILER_APPICON_NAME = AppIcon;
				DEVELOPMENT_TEAM = 3C6LBXZFQZ;
				INFOPLIST_FILE = tvc/Info.plist;
				LD_RUNPATH_SEARCH_PATHS = "$(inherited) @executable_path/Frameworks";
				PRODUCT_BUNDLE_IDENTIFIER = diwakar3105.tvc;
				PRODUCT_NAME = "$(TARGET_NAME)";
			};
			name = Debug;
		};
		136E397920307198007F75FE /* Release */ = {
			isa = XCBuildConfiguration;
			buildSettings = {
				ASSETCATALOG_COMPILER_APPICON_NAME = AppIcon;
				DEVELOPMENT_TEAM = 3C6LBXZFQZ;
				INFOPLIST_FILE = tvc/Info.plist;
				LD_RUNPATH_SEARCH_PATHS = "$(inherited) @executable_path/Frameworks";
				PRODUCT_BUNDLE_IDENTIFIER = diwakar3105.tvc;
				PRODUCT_NAME = "$(TARGET_NAME)";
			};
			name = Release;
		};
/* End XCBuildConfiguration section */

/* Begin XCConfigurationList section */
		136E395B20307198007F75FE /* Build configuration list for PBXProject "tvc" */ = {
			isa = XCConfigurationList;
			buildConfigurations = (
				136E397520307198007F75FE /* Debug */,
				136E397620307198007F75FE /* Release */,
			);
			defaultConfigurationIsVisible = 0;
			defaultConfigurationName = Release;
		};
		136E397720307198007F75FE /* Build configuration list for PBXNativeTarget "tvc" */ = {
			isa = XCConfigurationList;
			buildConfigurations = (
				136E397820307198007F75FE /* Debug */,
				136E397920307198007F75FE /* Release */,
			);
			defaultConfigurationIsVisible = 0;
		};
/* End XCConfigurationList section */
	};
	rootObject = 136E395820307198007F75FE /* Project object */;
}
